
Microsoft Visual Studio Solution File, Format Version 12.00
# Visual Studio 15
VisualStudioVersion = 15.0.26124.0
MinimumVisualStudioVersion = 15.0.26124.0
Project("{2150E333-8FDC-42A3-9474-1A3956D46DE8}") = "Infrastructure", "Infrastructure", "{D018E340-1717-496C-BB17-CA73CCD17D3A}"
EndProject
Project("{2150E333-8FDC-42A3-9474-1A3956D46DE8}") = "Core", "Core", "{272AD6FF-D984-4BBD-9E0D-30247DF1D102}"
EndProject
Project("{2150E333-8FDC-42A3-9474-1A3956D46DE8}") = "Presentation", "Presentation", "{1E2A7DD5-5222-4B35-8001-4E9BAD9C39CB}"
EndProject
Project("{2150E333-8FDC-42A3-9474-1A3956D46DE8}") = "Source", "Source", "{033EBBE8-6B1B-41AD-9FFB-0674D09E31A1}"
EndProject
Project("{2150E333-8FDC-42A3-9474-1A3956D46DE8}") = "Tests", "Tests", "{E9D347F6-55A2-482D-A910-8546704F513D}"
EndProject
Project("{2150E333-8FDC-42A3-9474-1A3956D46DE8}") = "Core", "Core", "{40CADCA5-5123-40AA-9250-14FE3108119B}"
EndProject
Project("{2150E333-8FDC-42A3-9474-1A3956D46DE8}") = "Infrastructure", "Infrastructure", "{96498AE4-9990-4191-BC0B-353DEA7640A9}"
EndProject
Project("{2150E333-8FDC-42A3-9474-1A3956D46DE8}") = "Presentation", "Presentation", "{E7992245-EE88-4235-9635-C2679A664AE9}"
EndProject
Project("{FAE04EC0-301F-11D3-BF4B-00C04F79EFBC}") = "Greggs.Products.Application.UnitTests", "Tests\Core\Greggs.Products.Application.UnitTests\Greggs.Products.Application.UnitTests.csproj", "{5760D4AF-81EA-4229-9D0C-35BC243CCA58}"
EndProject
Project("{FAE04EC0-301F-11D3-BF4B-00C04F79EFBC}") = "Greggs.Products.Api", "Source\Presentation\Greggs.Products.Api\Greggs.Products.Api.csproj", "{DD76C847-E223-4D66-9EF0-54801E273729}"
EndProject
Project("{FAE04EC0-301F-11D3-BF4B-00C04F79EFBC}") = "Greggs.Products.Database", "Source\Infrastructure\Greggs.Products.Database\Greggs.Products.Database.csproj", "{BB655F66-C8E7-4B3E-9898-7206F6914AB3}"
EndProject
Project("{FAE04EC0-301F-11D3-BF4B-00C04F79EFBC}") = "Greggs.Products.Abstractions", "Source\Core\Greggs.Products.Abstractions\Greggs.Products.Abstractions.csproj", "{2B5FBF0A-ED23-4591-9694-636999788BA5}"
EndProject
Project("{2150E333-8FDC-42A3-9474-1A3956D46DE8}") = "Solution Items", "Solution Items", "{B7DF41A8-7CB7-4195-B090-41BD48EB47C6}"
	ProjectSection(SolutionItems) = preProject
		README.md = README.md
	EndProjectSection
EndProject
Project("{FAE04EC0-301F-11D3-BF4B-00C04F79EFBC}") = "Greggs.Products.Api.Tests", "Tests\Presentation\Greggs.Products.Api.Tests\Greggs.Products.Api.Tests.csproj", "{DBA5C35B-8D53-458A-B35E-471799F4DBDD}"
EndProject
Global
	GlobalSection(SolutionConfigurationPlatforms) = preSolution
		Debug|Any CPU = Debug|Any CPU
		Debug|x64 = Debug|x64
		Debug|x86 = Debug|x86
		Release|Any CPU = Release|Any CPU
		Release|x64 = Release|x64
		Release|x86 = Release|x86
	EndGlobalSection
	GlobalSection(SolutionProperties) = preSolution
		HideSolutionNode = FALSE
	EndGlobalSection
	GlobalSection(ProjectConfigurationPlatforms) = postSolution
		{5760D4AF-81EA-4229-9D0C-35BC243CCA58}.Debug|Any CPU.ActiveCfg = Debug|Any CPU
		{5760D4AF-81EA-4229-9D0C-35BC243CCA58}.Debug|Any CPU.Build.0 = Debug|Any CPU
		{5760D4AF-81EA-4229-9D0C-35BC243CCA58}.Debug|x64.ActiveCfg = Debug|Any CPU
		{5760D4AF-81EA-4229-9D0C-35BC243CCA58}.Debug|x64.Build.0 = Debug|Any CPU
		{5760D4AF-81EA-4229-9D0C-35BC243CCA58}.Debug|x86.ActiveCfg = Debug|Any CPU
		{5760D4AF-81EA-4229-9D0C-35BC243CCA58}.Debug|x86.Build.0 = Debug|Any CPU
		{5760D4AF-81EA-4229-9D0C-35BC243CCA58}.Release|Any CPU.ActiveCfg = Release|Any CPU
		{5760D4AF-81EA-4229-9D0C-35BC243CCA58}.Release|Any CPU.Build.0 = Release|Any CPU
		{5760D4AF-81EA-4229-9D0C-35BC243CCA58}.Release|x64.ActiveCfg = Release|Any CPU
		{5760D4AF-81EA-4229-9D0C-35BC243CCA58}.Release|x64.Build.0 = Release|Any CPU
		{5760D4AF-81EA-4229-9D0C-35BC243CCA58}.Release|x86.ActiveCfg = Release|Any CPU
		{5760D4AF-81EA-4229-9D0C-35BC243CCA58}.Release|x86.Build.0 = Release|Any CPU
		{DD76C847-E223-4D66-9EF0-54801E273729}.Debug|Any CPU.ActiveCfg = Debug|Any CPU
		{DD76C847-E223-4D66-9EF0-54801E273729}.Debug|Any CPU.Build.0 = Debug|Any CPU
		{DD76C847-E223-4D66-9EF0-54801E273729}.Debug|x64.ActiveCfg = Debug|Any CPU
		{DD76C847-E223-4D66-9EF0-54801E273729}.Debug|x64.Build.0 = Debug|Any CPU
		{DD76C847-E223-4D66-9EF0-54801E273729}.Debug|x86.ActiveCfg = Debug|Any CPU
		{DD76C847-E223-4D66-9EF0-54801E273729}.Debug|x86.Build.0 = Debug|Any CPU
		{DD76C847-E223-4D66-9EF0-54801E273729}.Release|Any CPU.ActiveCfg = Release|Any CPU
		{DD76C847-E223-4D66-9EF0-54801E273729}.Release|Any CPU.Build.0 = Release|Any CPU
		{DD76C847-E223-4D66-9EF0-54801E273729}.Release|x64.ActiveCfg = Release|Any CPU
		{DD76C847-E223-4D66-9EF0-54801E273729}.Release|x64.Build.0 = Release|Any CPU
		{DD76C847-E223-4D66-9EF0-54801E273729}.Release|x86.ActiveCfg = Release|Any CPU
		{DD76C847-E223-4D66-9EF0-54801E273729}.Release|x86.Build.0 = Release|Any CPU
		{BB655F66-C8E7-4B3E-9898-7206F6914AB3}.Debug|Any CPU.ActiveCfg = Debug|Any CPU
		{BB655F66-C8E7-4B3E-9898-7206F6914AB3}.Debug|Any CPU.Build.0 = Debug|Any CPU
		{BB655F66-C8E7-4B3E-9898-7206F6914AB3}.Debug|x64.ActiveCfg = Debug|Any CPU
		{BB655F66-C8E7-4B3E-9898-7206F6914AB3}.Debug|x64.Build.0 = Debug|Any CPU
		{BB655F66-C8E7-4B3E-9898-7206F6914AB3}.Debug|x86.ActiveCfg = Debug|Any CPU
		{BB655F66-C8E7-4B3E-9898-7206F6914AB3}.Debug|x86.Build.0 = Debug|Any CPU
		{BB655F66-C8E7-4B3E-9898-7206F6914AB3}.Release|Any CPU.ActiveCfg = Release|Any CPU
		{BB655F66-C8E7-4B3E-9898-7206F6914AB3}.Release|Any CPU.Build.0 = Release|Any CPU
		{BB655F66-C8E7-4B3E-9898-7206F6914AB3}.Release|x64.ActiveCfg = Release|Any CPU
		{BB655F66-C8E7-4B3E-9898-7206F6914AB3}.Release|x64.Build.0 = Release|Any CPU
		{BB655F66-C8E7-4B3E-9898-7206F6914AB3}.Release|x86.ActiveCfg = Release|Any CPU
		{BB655F66-C8E7-4B3E-9898-7206F6914AB3}.Release|x86.Build.0 = Release|Any CPU
		{2B5FBF0A-ED23-4591-9694-636999788BA5}.Debug|Any CPU.ActiveCfg = Debug|Any CPU
		{2B5FBF0A-ED23-4591-9694-636999788BA5}.Debug|Any CPU.Build.0 = Debug|Any CPU
		{2B5FBF0A-ED23-4591-9694-636999788BA5}.Debug|x64.ActiveCfg = Debug|Any CPU
		{2B5FBF0A-ED23-4591-9694-636999788BA5}.Debug|x64.Build.0 = Debug|Any CPU
		{2B5FBF0A-ED23-4591-9694-636999788BA5}.Debug|x86.ActiveCfg = Debug|Any CPU
		{2B5FBF0A-ED23-4591-9694-636999788BA5}.Debug|x86.Build.0 = Debug|Any CPU
		{2B5FBF0A-ED23-4591-9694-636999788BA5}.Release|Any CPU.ActiveCfg = Release|Any CPU
		{2B5FBF0A-ED23-4591-9694-636999788BA5}.Release|Any CPU.Build.0 = Release|Any CPU
		{2B5FBF0A-ED23-4591-9694-636999788BA5}.Release|x64.ActiveCfg = Release|Any CPU
		{2B5FBF0A-ED23-4591-9694-636999788BA5}.Release|x64.Build.0 = Release|Any CPU
		{2B5FBF0A-ED23-4591-9694-636999788BA5}.Release|x86.ActiveCfg = Release|Any CPU
		{2B5FBF0A-ED23-4591-9694-636999788BA5}.Release|x86.Build.0 = Release|Any CPU
		{DBA5C35B-8D53-458A-B35E-471799F4DBDD}.Debug|Any CPU.ActiveCfg = Debug|Any CPU
		{DBA5C35B-8D53-458A-B35E-471799F4DBDD}.Debug|Any CPU.Build.0 = Debug|Any CPU
		{DBA5C35B-8D53-458A-B35E-471799F4DBDD}.Debug|x64.ActiveCfg = Debug|Any CPU
		{DBA5C35B-8D53-458A-B35E-471799F4DBDD}.Debug|x64.Build.0 = Debug|Any CPU
		{DBA5C35B-8D53-458A-B35E-471799F4DBDD}.Debug|x86.ActiveCfg = Debug|Any CPU
		{DBA5C35B-8D53-458A-B35E-471799F4DBDD}.Debug|x86.Build.0 = Debug|Any CPU
		{DBA5C35B-8D53-458A-B35E-471799F4DBDD}.Release|Any CPU.ActiveCfg = Release|Any CPU
		{DBA5C35B-8D53-458A-B35E-471799F4DBDD}.Release|Any CPU.Build.0 = Release|Any CPU
		{DBA5C35B-8D53-458A-B35E-471799F4DBDD}.Release|x64.ActiveCfg = Release|Any CPU
		{DBA5C35B-8D53-458A-B35E-471799F4DBDD}.Release|x64.Build.0 = Release|Any CPU
		{DBA5C35B-8D53-458A-B35E-471799F4DBDD}.Release|x86.ActiveCfg = Release|Any CPU
		{DBA5C35B-8D53-458A-B35E-471799F4DBDD}.Release|x86.Build.0 = Release|Any CPU
	EndGlobalSection
	GlobalSection(NestedProjects) = preSolution
		{272AD6FF-D984-4BBD-9E0D-30247DF1D102} = {033EBBE8-6B1B-41AD-9FFB-0674D09E31A1}
		{D018E340-1717-496C-BB17-CA73CCD17D3A} = {033EBBE8-6B1B-41AD-9FFB-0674D09E31A1}
		{1E2A7DD5-5222-4B35-8001-4E9BAD9C39CB} = {033EBBE8-6B1B-41AD-9FFB-0674D09E31A1}
		{40CADCA5-5123-40AA-9250-14FE3108119B} = {E9D347F6-55A2-482D-A910-8546704F513D}
		{96498AE4-9990-4191-BC0B-353DEA7640A9} = {E9D347F6-55A2-482D-A910-8546704F513D}
		{E7992245-EE88-4235-9635-C2679A664AE9} = {E9D347F6-55A2-482D-A910-8546704F513D}
		{5760D4AF-81EA-4229-9D0C-35BC243CCA58} = {40CADCA5-5123-40AA-9250-14FE3108119B}
		{DD76C847-E223-4D66-9EF0-54801E273729} = {1E2A7DD5-5222-4B35-8001-4E9BAD9C39CB}
		{BB655F66-C8E7-4B3E-9898-7206F6914AB3} = {D018E340-1717-496C-BB17-CA73CCD17D3A}
		{2B5FBF0A-ED23-4591-9694-636999788BA5} = {272AD6FF-D984-4BBD-9E0D-30247DF1D102}
		{DBA5C35B-8D53-458A-B35E-471799F4DBDD} = {E7992245-EE88-4235-9635-C2679A664AE9}
	EndGlobalSection
EndGlobal
